
Microsoft Visual Studio Solution File, Format Version 12.00
# Visual Studio Version 17
VisualStudioVersion = 17.0.31912.275
MinimumVisualStudioVersion = 10.0.40219.1
Project("{FAE04EC0-301F-11D3-BF4B-00C04F79EFBC}") = "ARC-128", "ARC-128\ARC-128.csproj", "{9FAFFA77-E8D2-4A46-84CB-182C94DB31EF}"
EndProject
Global
	GlobalSection(SolutionConfigurationPlatforms) = preSolution
		Debug|Any CPU = Debug|Any CPU
		Release|Any CPU = Release|Any CPU
	EndGlobalSection
	GlobalSection(ProjectConfigurationPlatforms) = postSolution
		{9FAFFA77-E8D2-4A46-84CB-182C94DB31EF}.Debug|Any CPU.ActiveCfg = Debug|Any CPU
		{9FAFFA77-E8D2-4A46-84CB-182C94DB31EF}.Debug|Any CPU.Build.0 = Debug|Any CPU
		{9FAFFA77-E8D2-4A46-84CB-182C94DB31EF}.Release|Any CPU.ActiveCfg = Release|Any CPU
		{9FAFFA77-E8D2-4A46-84CB-182C94DB31EF}.Release|Any CPU.Build.0 = Release|Any CPU
	EndGlobalSection
	GlobalSection(SolutionProperties) = preSolution
		HideSolutionNode = FALSE
	EndGlobalSection
	GlobalSection(ExtensibilityGlobals) = postSolution
		SolutionGuid = {711D1567-7DDD-4A4A-B0AB-160E1C50B019}
	EndGlobalSection
EndGlobal
